
Microsoft Visual Studio Solution File, Format Version 12.00
# Visual Studio Version 17
VisualStudioVersion = 17.3.32929.385
MinimumVisualStudioVersion = 10.0.40219.1
Project("{FAE04EC0-301F-11D3-BF4B-00C04F79EFBC}") = "Desafio6", "Desafio6\Desafio6.csproj", "{D6486CFE-0BBA-428A-B3A2-FAB377DFAB37}"
EndProject
Global
	GlobalSection(SolutionConfigurationPlatforms) = preSolution
		Debug|Any CPU = Debug|Any CPU
		Release|Any CPU = Release|Any CPU
	EndGlobalSection
	GlobalSection(ProjectConfigurationPlatforms) = postSolution
		{D6486CFE-0BBA-428A-B3A2-FAB377DFAB37}.Debug|Any CPU.ActiveCfg = Debug|Any CPU
		{D6486CFE-0BBA-428A-B3A2-FAB377DFAB37}.Debug|Any CPU.Build.0 = Debug|Any CPU
		{D6486CFE-0BBA-428A-B3A2-FAB377DFAB37}.Release|Any CPU.ActiveCfg = Release|Any CPU
		{D6486CFE-0BBA-428A-B3A2-FAB377DFAB37}.Release|Any CPU.Build.0 = Release|Any CPU
	EndGlobalSection
	GlobalSection(SolutionProperties) = preSolution
		HideSolutionNode = FALSE
	EndGlobalSection
	GlobalSection(ExtensibilityGlobals) = postSolution
		SolutionGuid = {AD60F06E-F244-4556-B01A-5575BF41E52F}
	EndGlobalSection
EndGlobal
