
Microsoft Visual Studio Solution File, Format Version 12.00
# Visual Studio Version 17
VisualStudioVersion = 17.3.32929.385
MinimumVisualStudioVersion = 10.0.40219.1
Project("{FAE04EC0-301F-11D3-BF4B-00C04F79EFBC}") = "Desafio10", "Desafio10\Desafio10.csproj", "{A40F297F-4529-4A7E-B22A-3AB77127ADFD}"
EndProject
Global
	GlobalSection(SolutionConfigurationPlatforms) = preSolution
		Debug|Any CPU = Debug|Any CPU
		Release|Any CPU = Release|Any CPU
	EndGlobalSection
	GlobalSection(ProjectConfigurationPlatforms) = postSolution
		{A40F297F-4529-4A7E-B22A-3AB77127ADFD}.Debug|Any CPU.ActiveCfg = Debug|Any CPU
		{A40F297F-4529-4A7E-B22A-3AB77127ADFD}.Debug|Any CPU.Build.0 = Debug|Any CPU
		{A40F297F-4529-4A7E-B22A-3AB77127ADFD}.Release|Any CPU.ActiveCfg = Release|Any CPU
		{A40F297F-4529-4A7E-B22A-3AB77127ADFD}.Release|Any CPU.Build.0 = Release|Any CPU
	EndGlobalSection
	GlobalSection(SolutionProperties) = preSolution
		HideSolutionNode = FALSE
	EndGlobalSection
	GlobalSection(ExtensibilityGlobals) = postSolution
		SolutionGuid = {8EAEBB3E-16C7-4301-A552-2912CDED518C}
	EndGlobalSection
EndGlobal
