
Microsoft Visual Studio Solution File, Format Version 12.00
# Visual Studio Version 17
VisualStudioVersion = 17.3.32929.385
MinimumVisualStudioVersion = 10.0.40219.1
Project("{FAE04EC0-301F-11D3-BF4B-00C04F79EFBC}") = "Desafio9", "Desafio9\Desafio9.csproj", "{4F6752BA-2ABC-4B26-9DF2-3FF670F903DD}"
EndProject
Global
	GlobalSection(SolutionConfigurationPlatforms) = preSolution
		Debug|Any CPU = Debug|Any CPU
		Release|Any CPU = Release|Any CPU
	EndGlobalSection
	GlobalSection(ProjectConfigurationPlatforms) = postSolution
		{4F6752BA-2ABC-4B26-9DF2-3FF670F903DD}.Debug|Any CPU.ActiveCfg = Debug|Any CPU
		{4F6752BA-2ABC-4B26-9DF2-3FF670F903DD}.Debug|Any CPU.Build.0 = Debug|Any CPU
		{4F6752BA-2ABC-4B26-9DF2-3FF670F903DD}.Release|Any CPU.ActiveCfg = Release|Any CPU
		{4F6752BA-2ABC-4B26-9DF2-3FF670F903DD}.Release|Any CPU.Build.0 = Release|Any CPU
	EndGlobalSection
	GlobalSection(SolutionProperties) = preSolution
		HideSolutionNode = FALSE
	EndGlobalSection
	GlobalSection(ExtensibilityGlobals) = postSolution
		SolutionGuid = {29673752-0727-485D-93CE-D3495D8FF399}
	EndGlobalSection
EndGlobal
