
Microsoft Visual Studio Solution File, Format Version 12.00
# Visual Studio Version 17
VisualStudioVersion = 17.3.32929.385
MinimumVisualStudioVersion = 10.0.40219.1
Project("{FAE04EC0-301F-11D3-BF4B-00C04F79EFBC}") = "Desafio5", "Desafio5\Desafio5.csproj", "{40985B34-7EC3-478B-9535-12F8878B43F2}"
EndProject
Global
	GlobalSection(SolutionConfigurationPlatforms) = preSolution
		Debug|Any CPU = Debug|Any CPU
		Release|Any CPU = Release|Any CPU
	EndGlobalSection
	GlobalSection(ProjectConfigurationPlatforms) = postSolution
		{40985B34-7EC3-478B-9535-12F8878B43F2}.Debug|Any CPU.ActiveCfg = Debug|Any CPU
		{40985B34-7EC3-478B-9535-12F8878B43F2}.Debug|Any CPU.Build.0 = Debug|Any CPU
		{40985B34-7EC3-478B-9535-12F8878B43F2}.Release|Any CPU.ActiveCfg = Release|Any CPU
		{40985B34-7EC3-478B-9535-12F8878B43F2}.Release|Any CPU.Build.0 = Release|Any CPU
	EndGlobalSection
	GlobalSection(SolutionProperties) = preSolution
		HideSolutionNode = FALSE
	EndGlobalSection
	GlobalSection(ExtensibilityGlobals) = postSolution
		SolutionGuid = {3647A3DE-81E6-47E0-B275-D63A125F24C0}
	EndGlobalSection
EndGlobal
