
Microsoft Visual Studio Solution File, Format Version 12.00
# Visual Studio Version 17
VisualStudioVersion = 17.3.32929.385
MinimumVisualStudioVersion = 10.0.40219.1
Project("{FAE04EC0-301F-11D3-BF4B-00C04F79EFBC}") = "Desafio11", "Desafio11\Desafio11.csproj", "{FD4078F2-443B-434F-A67F-8FAA3F1C80F1}"
EndProject
Global
	GlobalSection(SolutionConfigurationPlatforms) = preSolution
		Debug|Any CPU = Debug|Any CPU
		Release|Any CPU = Release|Any CPU
	EndGlobalSection
	GlobalSection(ProjectConfigurationPlatforms) = postSolution
		{FD4078F2-443B-434F-A67F-8FAA3F1C80F1}.Debug|Any CPU.ActiveCfg = Debug|Any CPU
		{FD4078F2-443B-434F-A67F-8FAA3F1C80F1}.Debug|Any CPU.Build.0 = Debug|Any CPU
		{FD4078F2-443B-434F-A67F-8FAA3F1C80F1}.Release|Any CPU.ActiveCfg = Release|Any CPU
		{FD4078F2-443B-434F-A67F-8FAA3F1C80F1}.Release|Any CPU.Build.0 = Release|Any CPU
	EndGlobalSection
	GlobalSection(SolutionProperties) = preSolution
		HideSolutionNode = FALSE
	EndGlobalSection
	GlobalSection(ExtensibilityGlobals) = postSolution
		SolutionGuid = {6F56C83B-949D-4C7E-A193-39C4A1A3649F}
	EndGlobalSection
EndGlobal
